# This file is @generated by PDM.
# It is not intended for manual editing.

[[package]]
name = "geojson"
version = "3.1.0"
requires_python = ">=3.7"
summary = "Python bindings and utilities for GeoJSON"

[metadata]
lock_version = "4.2"
cross_platform = true
groups = ["default"]
content_hash = "sha256:da388c51d9cf21e7977df340a705a103237b16f52f0b90c5917cfc6109494604"

[metadata.files]
"geojson 3.1.0" = [
    {url = "https://files.pythonhosted.org/packages/0f/34/0ea653dec93d3a360856e629a897a1d3ab534f2952852bb59d55853055ed/geojson-3.1.0.tar.gz", hash = "sha256:58a7fa40727ea058efc28b0e9ff0099eadf6d0965e04690830208d3ef571adac"},
    {url = "https://files.pythonhosted.org/packages/8e/1b/4f57660aa148d3e3043d048b7e1ab87dfeb85204d0fdb5b4e19c08202162/geojson-3.1.0-py3-none-any.whl", hash = "sha256:68a9771827237adb8c0c71f8527509c8f5bef61733aa434cefc9c9d4f0ebe8f3"},
]
