# This file is @generated by PDM.
# It is not intended for manual editing.

[[package]]
name = "certifi"
version = "2024.7.4"
requires_python = ">=3.6"
summary = "Python package for providing Mozilla's CA Bundle."

[[package]]
name = "geojson"
version = "3.1.0"
requires_python = ">=3.7"
summary = "Python bindings and utilities for GeoJSON"

[[package]]
name = "numpy"
version = "2.0.1"
requires_python = ">=3.9"
summary = "Fundamental package for array computing in Python"

[[package]]
name = "pyproj"
version = "3.6.1"
requires_python = ">=3.9"
summary = "Python interface to PROJ (cartographic projections and coordinate transformations library)"
dependencies = [
    "certifi",
]

[[package]]
name = "shapely"
version = "2.0.5"
requires_python = ">=3.7"
summary = "Manipulation and analysis of geometric objects"
dependencies = [
    "numpy<3,>=1.14",
]

[metadata]
lock_version = "4.2"
cross_platform = true
groups = ["default"]
content_hash = "sha256:9598aeb4a8971aec72bd840b1b31be5d3bf0bf9d6a36e01fec7fd891114dab33"

[metadata.files]
"certifi 2024.7.4" = [
    {url = "https://files.pythonhosted.org/packages/1c/d5/c84e1a17bf61d4df64ca866a1c9a913874b4e9bdc131ec689a0ad013fb36/certifi-2024.7.4-py3-none-any.whl", hash = "sha256:c198e21b1289c2ab85ee4e67bb4b4ef3ead0892059901a8d5b622f24a1101e90"},
    {url = "https://files.pythonhosted.org/packages/c2/02/a95f2b11e207f68bc64d7aae9666fed2e2b3f307748d5123dffb72a1bbea/certifi-2024.7.4.tar.gz", hash = "sha256:5a1e7645bc0ec61a09e26c36f6106dd4cf40c6db3a1fb6352b0244e7fb057c7b"},
]
"geojson 3.1.0" = [
    {url = "https://files.pythonhosted.org/packages/0f/34/0ea653dec93d3a360856e629a897a1d3ab534f2952852bb59d55853055ed/geojson-3.1.0.tar.gz", hash = "sha256:58a7fa40727ea058efc28b0e9ff0099eadf6d0965e04690830208d3ef571adac"},
    {url = "https://files.pythonhosted.org/packages/8e/1b/4f57660aa148d3e3043d048b7e1ab87dfeb85204d0fdb5b4e19c08202162/geojson-3.1.0-py3-none-any.whl", hash = "sha256:68a9771827237adb8c0c71f8527509c8f5bef61733aa434cefc9c9d4f0ebe8f3"},
]
"numpy 2.0.1" = [
    {url = "https://files.pythonhosted.org/packages/08/61/460fb524bb2d1a8bd4bbcb33d9b0971f9837fdedcfda8478d4c8f5cfd7ee/numpy-2.0.1-cp312-cp312-macosx_11_0_arm64.whl", hash = "sha256:7d6fddc5fe258d3328cd8e3d7d3e02234c5d70e01ebe377a6ab92adb14039cb4"},
    {url = "https://files.pythonhosted.org/packages/08/7a/71b12fe40147b1a6146ffd07afbe57d3c0ea98560032fae7c6d81c861b09/numpy-2.0.1-cp310-cp310-manylinux_2_17_aarch64.manylinux2014_aarch64.whl", hash = "sha256:4658c398d65d1b25e1760de3157011a80375da861709abd7cef3bad65d6543f9"},
    {url = "https://files.pythonhosted.org/packages/0a/ea/a0c96ffd46214e5fdb4e12cfa34824468503295d6e2fdeef2e2b1de30cd7/numpy-2.0.1-cp39-cp39-musllinux_1_1_x86_64.whl", hash = "sha256:3fdabe3e2a52bc4eff8dc7a5044342f8bd9f11ef0934fcd3289a788c0eb10018"},
    {url = "https://files.pythonhosted.org/packages/15/96/310c6f3f2447f6d146518479b0a6ee6eb92a537954ec3b1acfa2894d1347/numpy-2.0.1-cp312-cp312-win32.whl", hash = "sha256:173a00b9995f73b79eb0191129f2455f1e34c203f559dd118636858cc452a1bf"},
    {url = "https://files.pythonhosted.org/packages/16/9f/1fcb7fdb6ec988052b42c7f4ed6d92d89c541d640f8f39f01bf141d17426/numpy-2.0.1-cp310-cp310-win_amd64.whl", hash = "sha256:81b0893a39bc5b865b8bf89e9ad7807e16717f19868e9d234bdaf9b1f1393868"},
    {url = "https://files.pythonhosted.org/packages/1a/e8/ba6f8f5ee68c7459820236a1e2a76ab4eccad6b6b7f090dabffb7c62ca55/numpy-2.0.1-pp39-pypy39_pp73-macosx_14_0_x86_64.whl", hash = "sha256:12f5d865d60fb9734e60a60f1d5afa6d962d8d4467c120a1c0cda6eb2964437d"},
    {url = "https://files.pythonhosted.org/packages/1c/8a/0db635b225d2aa2984e405dc14bd2b0c324a0c312ea1bc9d283f2b83b038/numpy-2.0.1.tar.gz", hash = "sha256:485b87235796410c3519a699cfe1faab097e509e90ebb05dcd098db2ae87e7b3"},
    {url = "https://files.pythonhosted.org/packages/29/d6/ff66f4f87518a435538e15cc9e0477a88398512a18783e748914f0daf5ea/numpy-2.0.1-cp311-cp311-macosx_10_9_x86_64.whl", hash = "sha256:75b4e316c5902d8163ef9d423b1c3f2f6252226d1aa5cd8a0a03a7d01ffc6268"},
    {url = "https://files.pythonhosted.org/packages/2a/a3/0a6e85731c9a5ac646cf873d02dca843c6c00fc98ed979bc59ade283ad31/numpy-2.0.1-pp39-pypy39_pp73-macosx_10_9_x86_64.whl", hash = "sha256:61728fba1e464f789b11deb78a57805c70b2ed02343560456190d0501ba37b0f"},
    {url = "https://files.pythonhosted.org/packages/2c/f3/61eeef119beb37decb58e7cb29940f19a1464b8608f2cab8a8616aba75fd/numpy-2.0.1-cp312-cp312-manylinux_2_17_x86_64.manylinux2014_x86_64.whl", hash = "sha256:6790654cb13eab303d8402354fabd47472b24635700f631f041bd0b65e37298a"},
    {url = "https://files.pythonhosted.org/packages/34/b6/a88a9953d0be231c67aa0b3714d6138507490753beaa927f0b33f20cdca2/numpy-2.0.1-cp311-cp311-musllinux_1_2_aarch64.whl", hash = "sha256:1f87fec1f9bc1efd23f4227becff04bd0e979e23ca50cc92ec88b38489db3b55"},
    {url = "https://files.pythonhosted.org/packages/35/a0/2efec9d64c64db60200909800ca04ade088bc9942641e121cf9933a53d11/numpy-2.0.1-cp39-cp39-win32.whl", hash = "sha256:f9cf5ea551aec449206954b075db819f52adc1638d46a6738253a712d553c7b4"},
    {url = "https://files.pythonhosted.org/packages/3b/f1/d156a9f3adbdbfdf97e8d0f25e32ee943200ed743c8af7a207d92ebcf61d/numpy-2.0.1-pp39-pypy39_pp73-manylinux_2_17_x86_64.manylinux2014_x86_64.whl", hash = "sha256:eacf3291e263d5a67d8c1a581a8ebbcfd6447204ef58828caf69a5e3e8c75990"},
    {url = "https://files.pythonhosted.org/packages/3c/f6/00efe4505061b100a907c55d60765b020be3b08accff37d1444d02ae108a/numpy-2.0.1-cp310-cp310-win32.whl", hash = "sha256:7b9853803278db3bdcc6cd5beca37815b133e9e77ff3d4733c247414e78eb8d1"},
    {url = "https://files.pythonhosted.org/packages/3d/67/928e8f0d5c7fd32f32fb5caf92b186a1b3826dbaf5a294e13a976d6c38b6/numpy-2.0.1-cp311-cp311-win_amd64.whl", hash = "sha256:08458fbf403bff5e2b45f08eda195d4b0c9b35682311da5a5a0a0925b11b9bd8"},
    {url = "https://files.pythonhosted.org/packages/41/30/260f1848653080d7ed1780e85547cdca50d858c6d38e835b2c8d7ac7cad9/numpy-2.0.1-pp39-pypy39_pp73-win_amd64.whl", hash = "sha256:2c3a346ae20cfd80b6cfd3e60dc179963ef2ea58da5ec074fd3d9e7a1e7ba97f"},
    {url = "https://files.pythonhosted.org/packages/52/87/bb45780eb4b9ed1e4710c2f2b42ed7224071aef6f08152f2520df0ec2ee5/numpy-2.0.1-cp39-cp39-win_amd64.whl", hash = "sha256:e9e81fa9017eaa416c056e5d9e71be93d05e2c3c2ab308d23307a8bc4443c368"},
    {url = "https://files.pythonhosted.org/packages/5e/e3/944b70438d3b7e2742fece7da8dfba6f7ef7dccdd163d1a613f7027f4d5b/numpy-2.0.1-cp312-cp312-manylinux_2_17_aarch64.manylinux2014_aarch64.whl", hash = "sha256:529af13c5f4b7a932fb0e1911d3a75da204eff023ee5e0e79c1751564221a5c8"},
    {url = "https://files.pythonhosted.org/packages/5f/f7/d9db3db9ff23af6ed1d948441a4805cfcb24119a3edbe1d5d8bcc89b2496/numpy-2.0.1-cp310-cp310-macosx_14_0_arm64.whl", hash = "sha256:1b902ce0e0a5bb7704556a217c4f63a7974f8f43e090aff03fcf262e0b135e02"},
    {url = "https://files.pythonhosted.org/packages/64/1c/401489a7e92c30db413362756c313b9353fb47565015986c55582593e2ae/numpy-2.0.1-cp312-cp312-macosx_10_9_x86_64.whl", hash = "sha256:6bf4e6f4a2a2e26655717a1983ef6324f2664d7011f6ef7482e8c0b3d51e82ac"},
    {url = "https://files.pythonhosted.org/packages/64/58/8664ff3747ac719ae1a5b9c0020533435158180a27f2f88a2b7a253bb623/numpy-2.0.1-cp311-cp311-macosx_14_0_x86_64.whl", hash = "sha256:a8fc2de81ad835d999113ddf87d1ea2b0f4704cbd947c948d2f5513deafe5a7b"},
    {url = "https://files.pythonhosted.org/packages/6a/26/a32b5a6b3f090860aeefb3619bfea09f717d73908bd65e69e8ab0cac9c07/numpy-2.0.1-cp311-cp311-musllinux_1_1_x86_64.whl", hash = "sha256:b83e16a5511d1b1f8a88cbabb1a6f6a499f82c062a4251892d9ad5d609863fb7"},
    {url = "https://files.pythonhosted.org/packages/6d/59/851609f533e7bf5f4af6264a7c5149ab07be9c8db2b0eb064794f8a7bf6d/numpy-2.0.1-cp312-cp312-macosx_14_0_x86_64.whl", hash = "sha256:ea2326a4dca88e4a274ba3a4405eb6c6467d3ffbd8c7d38632502eaae3820587"},
    {url = "https://files.pythonhosted.org/packages/72/44/71ac0090d4ccb512fcac0ef0e5208248423a1ce30381541700470ac09b75/numpy-2.0.1-cp311-cp311-manylinux_2_17_aarch64.manylinux2014_aarch64.whl", hash = "sha256:5a3d94942c331dd4e0e1147f7a8699a4aa47dffc11bf8a1523c12af8b2e91bbe"},
    {url = "https://files.pythonhosted.org/packages/77/b5/c74cc1c91754436114c1de5912cdb475145245f6e645a6a1a29b5d08c774/numpy-2.0.1-cp312-cp312-musllinux_1_1_x86_64.whl", hash = "sha256:cbab9fc9c391700e3e1287666dfd82d8666d10e69a6c4a09ab97574c0b7ee0a7"},
    {url = "https://files.pythonhosted.org/packages/86/c0/025580db782c9be4c7de992e2cc4b2930c12ef8e0f26389c88089e2f8028/numpy-2.0.1-cp310-cp310-macosx_10_9_x86_64.whl", hash = "sha256:0fbb536eac80e27a2793ffd787895242b7f18ef792563d742c2d673bfcb75134"},
    {url = "https://files.pythonhosted.org/packages/91/ec/18a1b896e25f0bba8aa3c3b010e7aaf62387583db368b29a571519c2dd45/numpy-2.0.1-cp310-cp310-musllinux_1_2_aarch64.whl", hash = "sha256:9adbd9bb520c866e1bfd7e10e1880a1f7749f1f6e5017686a5fbb9b72cf69f82"},
    {url = "https://files.pythonhosted.org/packages/97/de/9bf6c37a8f760847172b13691ac83c404c8485a090b349244e2758c8436d/numpy-2.0.1-cp39-cp39-macosx_14_0_x86_64.whl", hash = "sha256:ec87f5f8aca726117a1c9b7083e7656a9d0d606eec7299cc067bb83d26f16e0c"},
    {url = "https://files.pythonhosted.org/packages/a5/e4/280150a359c0c3039d7965f6ade0c9324961b318f5e07cb36dc28915c0a6/numpy-2.0.1-cp39-cp39-macosx_11_0_arm64.whl", hash = "sha256:8fae4ebbf95a179c1156fab0b142b74e4ba4204c87bde8d3d8b6f9c34c5825ef"},
    {url = "https://files.pythonhosted.org/packages/ac/9c/703d6775b99ae37c3d4fc32984953572fb20e23e61c0f4154f05e5758a30/numpy-2.0.1-cp310-cp310-manylinux_2_17_x86_64.manylinux2014_x86_64.whl", hash = "sha256:4127d4303b9ac9f94ca0441138acead39928938660ca58329fe156f84b9f3015"},
    {url = "https://files.pythonhosted.org/packages/b1/e3/24d289c5a3255bf52824bd52295e9a7923cad8ae5ec29539fc971e1122f6/numpy-2.0.1-cp39-cp39-manylinux_2_17_x86_64.manylinux2014_x86_64.whl", hash = "sha256:8efc84f01c1cd7e34b3fb310183e72fcdf55293ee736d679b6d35b35d80bba26"},
    {url = "https://files.pythonhosted.org/packages/b5/59/f6ad30785a6578ad85ed9c2785f271b39c3e5b6412c66e810d2c60934c9f/numpy-2.0.1-cp312-cp312-win_amd64.whl", hash = "sha256:bb2124fdc6e62baae159ebcfa368708867eb56806804d005860b6007388df171"},
    {url = "https://files.pythonhosted.org/packages/b5/ec/d8faaa60f6e39227b3c7286db9db1de48b6f51227d7e64223d22d2374e3e/numpy-2.0.1-cp310-cp310-macosx_14_0_x86_64.whl", hash = "sha256:f1659887361a7151f89e79b276ed8dff3d75877df906328f14d8bb40bb4f5101"},
    {url = "https://files.pythonhosted.org/packages/bd/54/15a0ba87e6335d02475201c9767a6a424ee39ed438ebdb6438f34abc2c25/numpy-2.0.1-cp39-cp39-manylinux_2_17_aarch64.manylinux2014_aarch64.whl", hash = "sha256:1f682ea61a88479d9498bf2091fdcd722b090724b08b31d63e022adc063bad59"},
    {url = "https://files.pythonhosted.org/packages/be/53/4c639cc2e0331ec42b54368648f23330f9ff406c74f2f0ccca6702ba6b71/numpy-2.0.1-cp310-cp310-musllinux_1_1_x86_64.whl", hash = "sha256:e5eeca8067ad04bc8a2a8731183d51d7cbaac66d86085d5f4766ee6bf19c7f87"},
    {url = "https://files.pythonhosted.org/packages/c2/da/3d8debb409bc97045b559f408d2b8cefa6a077a73df14dbf4d8780d976b1/numpy-2.0.1-cp312-cp312-macosx_14_0_arm64.whl", hash = "sha256:5daab361be6ddeb299a918a7c0864fa8618af66019138263247af405018b04e1"},
    {url = "https://files.pythonhosted.org/packages/c3/c4/763efe6af1925baa6c433ee926fef6996eedc7c2cb2485593de01a24e8f5/numpy-2.0.1-cp39-cp39-musllinux_1_2_aarch64.whl", hash = "sha256:24a0e1befbfa14615b49ba9659d3d8818a0f4d8a1c5822af8696706fbda7310c"},
    {url = "https://files.pythonhosted.org/packages/c5/64/853cfc37494471e64ea9f7bf3bc3b4bb39450e6db5beeb05e2a66beef612/numpy-2.0.1-cp311-cp311-macosx_11_0_arm64.whl", hash = "sha256:6e4eeb6eb2fced786e32e6d8df9e755ce5be920d17f7ce00bc38fcde8ccdbf9e"},
    {url = "https://files.pythonhosted.org/packages/cc/4e/3f7e4fed86ec3c940ba84fe819eb5f2288de85a5f29679a9ed5fbb55dc43/numpy-2.0.1-cp39-cp39-macosx_14_0_arm64.whl", hash = "sha256:72dc22e9ec8f6eaa206deb1b1355eb2e253899d7347f5e2fae5f0af613741d06"},
    {url = "https://files.pythonhosted.org/packages/d1/d8/597b4b2e396a77cbec677c9de33bb1789d5c3b66d653cb723d00eb331e99/numpy-2.0.1-cp311-cp311-macosx_14_0_arm64.whl", hash = "sha256:a1e01dcaab205fbece13c1410253a9eea1b1c9b61d237b6fa59bcc46e8e89343"},
    {url = "https://files.pythonhosted.org/packages/d6/47/58ad880b4a6ae4ec01e212d68d298cc5425814496e8fce7b35575880984c/numpy-2.0.1-cp310-cp310-macosx_11_0_arm64.whl", hash = "sha256:69ff563d43c69b1baba77af455dd0a839df8d25e8590e79c90fcbe1499ebde42"},
    {url = "https://files.pythonhosted.org/packages/da/89/c8856d3fd5fce12e0b3f6af371ccb90d604600923b08050c58f0cd26eac9/numpy-2.0.1-cp312-cp312-musllinux_1_2_aarch64.whl", hash = "sha256:99d0d92a5e3613c33a5f01db206a33f8fdf3d71f2912b0de1739894668b7a93b"},
    {url = "https://files.pythonhosted.org/packages/e4/e2/e763e102bea9c188b43ea144a91c22bec669736889a6e0be0235d64666d7/numpy-2.0.1-cp311-cp311-win32.whl", hash = "sha256:36d3a9405fd7c511804dc56fc32974fa5533bdeb3cd1604d6b8ff1d292b819c4"},
    {url = "https://files.pythonhosted.org/packages/e9/8b/405e7dba00aa96ff03f5fef3b6fb3b6f113b13311f70faa72185696fbe0a/numpy-2.0.1-cp39-cp39-macosx_10_9_x86_64.whl", hash = "sha256:bfc085b28d62ff4009364e7ca34b80a9a080cbd97c2c0630bb5f7f770dae9414"},
    {url = "https://files.pythonhosted.org/packages/ef/27/39622993e8688a1f05898a3c3b2836b856f79c06637ebd4b71cb35cc9b18/numpy-2.0.1-cp311-cp311-manylinux_2_17_x86_64.manylinux2014_x86_64.whl", hash = "sha256:15eb4eca47d36ec3f78cde0a3a2ee24cf05ca7396ef808dda2c0ddad7c2bde67"},
]
"pyproj 3.6.1" = [
    {url = "https://files.pythonhosted.org/packages/0b/64/93232511a7906a492b1b7dfdfc17f4e95982d76a24ef4f86d18cfe7ae2c9/pyproj-3.6.1-cp312-cp312-macosx_10_9_x86_64.whl", hash = "sha256:1e9fbaf920f0f9b4ee62aab832be3ae3968f33f24e2e3f7fbb8c6728ef1d9746"},
    {url = "https://files.pythonhosted.org/packages/0e/ab/1c2159ec757677c5a6b8803f6be45c2b550dc42c84ec4a228dc219849bbb/pyproj-3.6.1-cp312-cp312-win32.whl", hash = "sha256:2d6ff73cc6dbbce3766b6c0bce70ce070193105d8de17aa2470009463682a8eb"},
    {url = "https://files.pythonhosted.org/packages/10/f2/b550b1f65cc7e51c9116b220b50aade60c439103432a3fd5b12efbc77e15/pyproj-3.6.1-cp312-cp312-macosx_11_0_arm64.whl", hash = "sha256:6d227a865356f225591b6732430b1d1781e946893789a609bb34f59d09b8b0f8"},
    {url = "https://files.pythonhosted.org/packages/14/6d/ae373629a1723f0db80d7b8c93598b00d9ecb930ed9ebf4f35826a33e97c/pyproj-3.6.1-cp311-cp311-win32.whl", hash = "sha256:8b8acc31fb8702c54625f4d5a2a6543557bec3c28a0ef638778b7ab1d1772132"},
    {url = "https://files.pythonhosted.org/packages/18/86/2e7cb9de40492f1bafbf11f4c9072edc394509a40b5e4c52f8139546f039/pyproj-3.6.1-cp310-cp310-macosx_11_0_arm64.whl", hash = "sha256:4bc0472302919e59114aa140fd7213c2370d848a7249d09704f10f5b062031fe"},
    {url = "https://files.pythonhosted.org/packages/19/9b/c57569132174786aa3f72275ac306956859a639dad0ce8d95c8411ce8209/pyproj-3.6.1-cp312-cp312-manylinux_2_17_x86_64.manylinux2014_x86_64.whl", hash = "sha256:fffb059ba3bced6f6725961ba758649261d85ed6ce670d3e3b0a26e81cf1aa8d"},
    {url = "https://files.pythonhosted.org/packages/2c/c2/8d4f61065dfed965e53badd41201ad86a05af0c1bbc75dffb12ef0f5a7dd/pyproj-3.6.1-cp39-cp39-macosx_11_0_arm64.whl", hash = "sha256:18faa54a3ca475bfe6255156f2f2874e9a1c8917b0004eee9f664b86ccc513d3"},
    {url = "https://files.pythonhosted.org/packages/30/bd/b9bd3761f08754e8dbb34c5a647db2099b348ab5da338e90980caf280e37/pyproj-3.6.1-cp311-cp311-macosx_11_0_arm64.whl", hash = "sha256:447db19c7efad70ff161e5e46a54ab9cc2399acebb656b6ccf63e4bc4a04b97a"},
    {url = "https://files.pythonhosted.org/packages/31/38/2cf8777cb2d5622a78195e690281b7029098795fde4751aec8128238b8bb/pyproj-3.6.1-cp39-cp39-manylinux_2_17_aarch64.manylinux2014_aarch64.whl", hash = "sha256:fd43bd9a9b9239805f406fd82ba6b106bf4838d9ef37c167d3ed70383943ade1"},
    {url = "https://files.pythonhosted.org/packages/43/28/e8d2ca71dd56c27cbe668e4226963d61956cded222a2e839e6fec1ab6d82/pyproj-3.6.1-pp39-pypy39_pp73-macosx_10_9_x86_64.whl", hash = "sha256:fd93c1a0c6c4aedc77c0fe275a9f2aba4d59b8acf88cebfc19fe3c430cfabf4f"},
    {url = "https://files.pythonhosted.org/packages/43/d0/cbe29a4dcf38ee7e72bf695d0d3f2bee21b4f22ee6cf579ad974de9edfc8/pyproj-3.6.1-cp39-cp39-win_amd64.whl", hash = "sha256:36b64c2cb6ea1cc091f329c5bd34f9c01bb5da8c8e4492c709bda6a09f96808f"},
    {url = "https://files.pythonhosted.org/packages/5e/c5/928d5a26995dbefbebd7507d982141cd9153bc7e4392b334fff722c4af12/pyproj-3.6.1-cp310-cp310-manylinux_2_17_aarch64.manylinux2014_aarch64.whl", hash = "sha256:5279586013b8d6582e22b6f9e30c49796966770389a9d5b85e25a4223286cd3f"},
    {url = "https://files.pythonhosted.org/packages/64/90/dfe5c00de1ca4dbb82606e79790659d4ed7f0ed8d372bccb3baca2a5abe0/pyproj-3.6.1-cp311-cp311-manylinux_2_17_x86_64.manylinux2014_x86_64.whl", hash = "sha256:65ad699e0c830e2b8565afe42bd58cc972b47d829b2e0e48ad9638386d994915"},
    {url = "https://files.pythonhosted.org/packages/79/95/eb68113c5b5737c342bde1bab92705dabe69c16299c5a122616e50f1fbd6/pyproj-3.6.1-cp311-cp311-win_amd64.whl", hash = "sha256:38a3361941eb72b82bd9a18f60c78b0df8408416f9340521df442cebfc4306e2"},
    {url = "https://files.pythonhosted.org/packages/7d/84/2b39bbf888c753ea48b40d47511548c77aa03445465c35cc4c4e9649b643/pyproj-3.6.1.tar.gz", hash = "sha256:44aa7c704c2b7d8fb3d483bbf75af6cb2350d30a63b144279a09b75fead501bf"},
    {url = "https://files.pythonhosted.org/packages/84/a6/a300c1b14b2112e966e9f90b18f9c13b586bdcf417207cee913ae9005da3/pyproj-3.6.1-cp311-cp311-macosx_10_9_x86_64.whl", hash = "sha256:ebfbdbd0936e178091309f6cd4fcb4decd9eab12aa513cdd9add89efa3ec2882"},
    {url = "https://files.pythonhosted.org/packages/89/8f/27350c8fba71a37cd0d316f100fbd96bf139cc2b5ff1ab0dcbc7ac64010a/pyproj-3.6.1-cp310-cp310-win_amd64.whl", hash = "sha256:db3aedd458e7f7f21d8176f0a1d924f1ae06d725228302b872885a1c34f3119e"},
    {url = "https://files.pythonhosted.org/packages/8d/e8/e826e0a962f36bd925a933829cf6ef218efe2055db5ea292be40974a929d/pyproj-3.6.1-cp39-cp39-win32.whl", hash = "sha256:9274880263256f6292ff644ca92c46d96aa7e57a75c6df3f11d636ce845a1877"},
    {url = "https://files.pythonhosted.org/packages/97/0a/b1525be9680369cc06dd288e12c59d24d5798b4afcdcf1b0915836e1caa6/pyproj-3.6.1-cp39-cp39-manylinux_2_17_x86_64.manylinux2014_x86_64.whl", hash = "sha256:50100b2726a3ca946906cbaa789dd0749f213abf0cbb877e6de72ca7aa50e1ae"},
    {url = "https://files.pythonhosted.org/packages/c5/32/63cf474f4a8d4804b3bdf7c16b8589f38142e8e2f8319dcea27e0bc21a87/pyproj-3.6.1-cp310-cp310-macosx_10_9_x86_64.whl", hash = "sha256:ab7aa4d9ff3c3acf60d4b285ccec134167a948df02347585fdd934ebad8811b4"},
    {url = "https://files.pythonhosted.org/packages/c7/f3/2f32fe143cd7ba1d4d68f1b6dce9ca402d909cbd5a5830e3a8fa3d1acbbf/pyproj-3.6.1-cp312-cp312-win_amd64.whl", hash = "sha256:7a27151ddad8e1439ba70c9b4b2b617b290c39395fa9ddb7411ebb0eb86d6fb0"},
    {url = "https://files.pythonhosted.org/packages/cb/39/1ce27cb86f51a1f5aed3a1617802a6131b59ea78492141d1fbe36722595e/pyproj-3.6.1-pp39-pypy39_pp73-manylinux_2_17_x86_64.manylinux2014_x86_64.whl", hash = "sha256:6420ea8e7d2a88cb148b124429fba8cd2e0fae700a2d96eab7083c0928a85110"},
    {url = "https://files.pythonhosted.org/packages/d7/50/d369bbe62d7a0d1e2cb40bc211da86a3f6e0f3c99f872957a72c3d5492d6/pyproj-3.6.1-cp39-cp39-macosx_10_9_x86_64.whl", hash = "sha256:4ba1f9b03d04d8cab24d6375609070580a26ce76eaed54631f03bab00a9c737b"},
    {url = "https://files.pythonhosted.org/packages/d9/a8/7193f46032636be917bc775506ae987aad72c931b1f691b775ca812a2917/pyproj-3.6.1-cp310-cp310-win32.whl", hash = "sha256:c41e80ddee130450dcb8829af7118f1ab69eaf8169c4bf0ee8d52b72f098dc2f"},
    {url = "https://files.pythonhosted.org/packages/f4/0a/d82aeeb605b5d6870bc72307c3b5e044e632eb7720df8885e144f51a8eac/pyproj-3.6.1-cp311-cp311-manylinux_2_17_aarch64.manylinux2014_aarch64.whl", hash = "sha256:e7e13c40183884ec7f94eb8e0f622f08f1d5716150b8d7a134de48c6110fee85"},
    {url = "https://files.pythonhosted.org/packages/f6/2b/b60cf73b0720abca313bfffef34e34f7f7dae23852b2853cf0368d49426b/pyproj-3.6.1-cp310-cp310-manylinux_2_17_x86_64.manylinux2014_x86_64.whl", hash = "sha256:80fafd1f3eb421694857f254a9bdbacd1eb22fc6c24ca74b136679f376f97d35"},
    {url = "https://files.pythonhosted.org/packages/fe/4b/2f8f6f94643b9fe2083338eff294feda84d916409b5840b7a402d2be93f8/pyproj-3.6.1-cp312-cp312-manylinux_2_17_aarch64.manylinux2014_aarch64.whl", hash = "sha256:83039e5ae04e5afc974f7d25ee0870a80a6bd6b7957c3aca5613ccbe0d3e72bf"},
]
"shapely 2.0.5" = [
    {url = "https://files.pythonhosted.org/packages/04/df/8062f14cb7aa502b8bda358103facedc80b87eec41e3391182655ff40615/shapely-2.0.5-cp312-cp312-macosx_10_9_x86_64.whl", hash = "sha256:03bd7b5fa5deb44795cc0a503999d10ae9d8a22df54ae8d4a4cd2e8a93466195"},
    {url = "https://files.pythonhosted.org/packages/13/56/11150c625bc984e9395913a255f52cf6c7de85b98396339cee66119481d4/shapely-2.0.5-cp38-cp38-macosx_11_0_arm64.whl", hash = "sha256:8af6f7260f809c0862741ad08b1b89cb60c130ae30efab62320bbf4ee9cc71fa"},
    {url = "https://files.pythonhosted.org/packages/29/3d/0d3ab80860cda6afbce9736fa1f091f452092d344fdd4e3c65e5fe7b1111/shapely-2.0.5-cp311-cp311-macosx_10_9_x86_64.whl", hash = "sha256:5bbfb048a74cf273db9091ff3155d373020852805a37dfc846ab71dde4be93ec"},
    {url = "https://files.pythonhosted.org/packages/36/cc/3f39afc4b83166641e041e6ab526969214b420468c49a71ea03895739ecb/shapely-2.0.5-cp39-cp39-macosx_11_0_arm64.whl", hash = "sha256:4c83a36f12ec8dee2066946d98d4d841ab6512a6ed7eb742e026a64854019b5f"},
    {url = "https://files.pythonhosted.org/packages/4b/37/c25a8e47a945b6d22093cd376d695ef82813a06742d5d0f3626d76dcc70f/shapely-2.0.5-cp38-cp38-manylinux_2_17_aarch64.manylinux2014_aarch64.whl", hash = "sha256:f5456dd522800306ba3faef77c5ba847ec30a0bd73ab087a25e0acdd4db2514f"},
    {url = "https://files.pythonhosted.org/packages/4b/ad/8a9fe3b987058ff4f4ba8a7d7d19894f9952add4b1ba7649597cbba715d6/shapely-2.0.5-cp310-cp310-macosx_11_0_arm64.whl", hash = "sha256:798090b426142df2c5258779c1d8d5734ec6942f778dab6c6c30cfe7f3bf64ff"},
    {url = "https://files.pythonhosted.org/packages/57/d7/69f4ec187b68e4d0e0bf5b0505ad19a9a69a330d21da8a2b5b38235c3c40/shapely-2.0.5-cp37-cp37m-win32.whl", hash = "sha256:b5870633f8e684bf6d1ae4df527ddcb6f3895f7b12bced5c13266ac04f47d231"},
    {url = "https://files.pythonhosted.org/packages/59/13/d0eff813ee57d73ddfc9aca7afeb30a714723a50f068f3839375bfbfc091/shapely-2.0.5-cp39-cp39-win_amd64.whl", hash = "sha256:7fed9dbfbcfec2682d9a047b9699db8dcc890dfca857ecba872c42185fc9e64e"},
    {url = "https://files.pythonhosted.org/packages/5c/99/735944b99e32d3103f8c0880925a3fcfe8b04cfff61ad70fe1aac8c22120/shapely-2.0.5-cp38-cp38-manylinux_2_17_x86_64.manylinux2014_x86_64.whl", hash = "sha256:b714a840402cde66fd7b663bb08cacb7211fa4412ea2a209688f671e0d0631fd"},
    {url = "https://files.pythonhosted.org/packages/5d/e7/719f384857c39aa51aa19d09d7cac84aeab1b25a7d0dab62433bf7b419e9/shapely-2.0.5-cp312-cp312-macosx_11_0_arm64.whl", hash = "sha256:2ff9521991ed9e201c2e923da014e766c1aa04771bc93e6fe97c27dcf0d40ace"},
    {url = "https://files.pythonhosted.org/packages/5e/87/f1bb954978de7c1dcf575b7710141b9fe07ffbb1b963ea9a96c1a4ef0b7b/shapely-2.0.5-cp38-cp38-macosx_10_9_x86_64.whl", hash = "sha256:e91ee179af539100eb520281ba5394919067c6b51824e6ab132ad4b3b3e76dd0"},
    {url = "https://files.pythonhosted.org/packages/70/a5/6d171586eb850c7582d2aeab027e1027ace4eb3a6c2e5f05746b8ab039e0/shapely-2.0.5-cp310-cp310-win_amd64.whl", hash = "sha256:1e5cb5ee72f1bc7ace737c9ecd30dc174a5295fae412972d3879bac2e82c8fae"},
    {url = "https://files.pythonhosted.org/packages/71/89/bca9176ef4d7cee06c35163d2d973a01fb28d67a51af485dc6b0a39adb86/shapely-2.0.5-cp39-cp39-manylinux_2_17_x86_64.manylinux2014_x86_64.whl", hash = "sha256:06efe39beafde3a18a21dde169d32f315c57da962826a6d7d22630025200c5e6"},
    {url = "https://files.pythonhosted.org/packages/73/d4/b5ab353c3bf5b3a3f58fe204e1144183ff832932d4bbc37b5a0330ae77a7/shapely-2.0.5-cp37-cp37m-win_amd64.whl", hash = "sha256:401cb794c5067598f50518e5a997e270cd7642c4992645479b915c503866abed"},
    {url = "https://files.pythonhosted.org/packages/76/04/111f8d42ad50fb60b2fa725c64a6988d2a49ea513c4feb4e02f93dc353bd/shapely-2.0.5-cp311-cp311-win32.whl", hash = "sha256:35110e80070d664781ec7955c7de557456b25727a0257b354830abb759bf8311"},
    {url = "https://files.pythonhosted.org/packages/79/bb/965b1dba79a63912f5a9deb183bab4f725d5c2e39c5ede1b36041b9547e8/shapely-2.0.5-cp310-cp310-win32.whl", hash = "sha256:9a4492a2b2ccbeaebf181e7310d2dfff4fdd505aef59d6cb0f217607cb042fb3"},
    {url = "https://files.pythonhosted.org/packages/7e/4e/4e83b9f3d7f0ce523c92bdf3dfe0292738d8ad2b589971390d6205bc843e/shapely-2.0.5-cp311-cp311-manylinux_2_17_aarch64.manylinux2014_aarch64.whl", hash = "sha256:0f8e71bb9a46814019f6644c4e2560a09d44b80100e46e371578f35eaaa9da1c"},
    {url = "https://files.pythonhosted.org/packages/80/68/6b51b7587547f6bbd0965cf957505a0ebec93510e840572a983003b3a0a9/shapely-2.0.5-cp311-cp311-macosx_11_0_arm64.whl", hash = "sha256:93be600cbe2fbaa86c8eb70656369f2f7104cd231f0d6585c7d0aa555d6878b8"},
    {url = "https://files.pythonhosted.org/packages/80/75/73137095dbb8e35bf34e6d36edf5059f67ec65fcb6ef836b994fd54f3cf5/shapely-2.0.5-cp39-cp39-macosx_10_9_x86_64.whl", hash = "sha256:7545a39c55cad1562be302d74c74586f79e07b592df8ada56b79a209731c0219"},
    {url = "https://files.pythonhosted.org/packages/83/94/bd391727c29dd014d4a24b92c54717de202e2aa6a0d9b5e9320215b11683/shapely-2.0.5-cp310-cp310-manylinux_2_17_aarch64.manylinux2014_aarch64.whl", hash = "sha256:45211276900c4790d6bfc6105cbf1030742da67594ea4161a9ce6812a6721e68"},
    {url = "https://files.pythonhosted.org/packages/a0/b6/8cbd3674fdbd235ef9b82e055b884034ae9526a26a119dd4b7636303cd39/shapely-2.0.5-cp310-cp310-manylinux_2_17_x86_64.manylinux2014_x86_64.whl", hash = "sha256:2e119444bc27ca33e786772b81760f2028d930ac55dafe9bc50ef538b794a8e1"},
    {url = "https://files.pythonhosted.org/packages/a4/77/c05e794a65263deb020d7e25623234975dd96881f9e8cde341810ca683e7/shapely-2.0.5-cp312-cp312-manylinux_2_17_aarch64.manylinux2014_aarch64.whl", hash = "sha256:1b65365cfbf657604e50d15161ffcc68de5cdb22a601bbf7823540ab4918a98d"},
    {url = "https://files.pythonhosted.org/packages/a6/60/a2c3b436d794d923a6d8e045690860f894e5671277044f271dc5c5f19ceb/shapely-2.0.5-cp38-cp38-win_amd64.whl", hash = "sha256:4461509afdb15051e73ab178fae79974387f39c47ab635a7330d7fee02c68a3f"},
    {url = "https://files.pythonhosted.org/packages/ad/99/c47247f4d688bbb5346df5ff1de5d9792b6d95cbbb2fd7b71f45901c1878/shapely-2.0.5.tar.gz", hash = "sha256:bff2366bc786bfa6cb353d6b47d0443c570c32776612e527ee47b6df63fcfe32"},
    {url = "https://files.pythonhosted.org/packages/c6/ca/f914baceedbf0f5f78b2356e3382ffb8846ddf9cd90e6ec1ed035b35a901/shapely-2.0.5-cp39-cp39-manylinux_2_17_aarch64.manylinux2014_aarch64.whl", hash = "sha256:89e640c2cd37378480caf2eeda9a51be64201f01f786d127e78eaeff091ec897"},
    {url = "https://files.pythonhosted.org/packages/d4/c3/e98e3eb9f06def32b8e2454ab718cafb99149f023dff023e257125132d6e/shapely-2.0.5-cp312-cp312-win_amd64.whl", hash = "sha256:30e8737983c9d954cd17feb49eb169f02f1da49e24e5171122cf2c2b62d65c95"},
    {url = "https://files.pythonhosted.org/packages/e1/7a/06aafb341a411c594d3f8f2733f2f644814facf0e6e947a829840f562d36/shapely-2.0.5-cp310-cp310-macosx_10_9_x86_64.whl", hash = "sha256:89d34787c44f77a7d37d55ae821f3a784fa33592b9d217a45053a93ade899375"},
    {url = "https://files.pythonhosted.org/packages/e2/44/da3de2d85ad45462564245fd3eb98bb1744d69d834baa1feebb2d6329d66/shapely-2.0.5-cp39-cp39-win32.whl", hash = "sha256:8203a8b2d44dcb366becbc8c3d553670320e4acf0616c39e218c9561dd738d92"},
    {url = "https://files.pythonhosted.org/packages/e8/5e/9203579b42060669eaa0715bc2b1e722fd5fe90a8e427851667e905812d7/shapely-2.0.5-cp37-cp37m-manylinux_2_17_x86_64.manylinux2014_x86_64.whl", hash = "sha256:49b299b91557b04acb75e9732645428470825061f871a2edc36b9417d66c1fc5"},
    {url = "https://files.pythonhosted.org/packages/ec/1b/092fff53cbeced411eed2717592e31cadd3e52f0ebaba5f2df3f34913f96/shapely-2.0.5-cp311-cp311-win_amd64.whl", hash = "sha256:6c6b78c0007a34ce7144f98b7418800e0a6a5d9a762f2244b00ea560525290c9"},
    {url = "https://files.pythonhosted.org/packages/ed/a8/c8b0f1a165e161247caf0fc265d61de3c4ea27d7c313c7ebfb1c4f6ddea4/shapely-2.0.5-cp311-cp311-manylinux_2_17_x86_64.manylinux2014_x86_64.whl", hash = "sha256:d5251c28a29012e92de01d2e84f11637eb1d48184ee8f22e2df6c8c578d26760"},
    {url = "https://files.pythonhosted.org/packages/f0/32/b7687654b6e747ceae8f9fa4cc7489a8ebf275c64caf811f949d87e89f5d/shapely-2.0.5-cp312-cp312-manylinux_2_17_x86_64.manylinux2014_x86_64.whl", hash = "sha256:21f64e647a025b61b19585d2247137b3a38a35314ea68c66aaf507a1c03ef6fe"},
    {url = "https://files.pythonhosted.org/packages/f8/2b/b25546f075c3b8f9b8dfdb9408cf418a80e8dab759e560cc810189487ff2/shapely-2.0.5-cp37-cp37m-macosx_10_9_x86_64.whl", hash = "sha256:ff7731fea5face9ec08a861ed351734a79475631b7540ceb0b66fb9732a5f529"},
    {url = "https://files.pythonhosted.org/packages/f9/9c/5b68b3cd484065c7d33d83168d2ecfebfeeaa6d88bc9cfd830de2df490ac/shapely-2.0.5-cp312-cp312-win32.whl", hash = "sha256:3ac7dc1350700c139c956b03d9c3df49a5b34aaf91d024d1510a09717ea39199"},
    {url = "https://files.pythonhosted.org/packages/fb/cb/ce0f406565b230674f7ca56d17b87546b34bf490aa56093ad2063b6205e1/shapely-2.0.5-cp37-cp37m-manylinux_2_17_aarch64.manylinux2014_aarch64.whl", hash = "sha256:ff9e520af0c5a578e174bca3c18713cd47a6c6a15b6cf1f50ac17dc8bb8db6a2"},
    {url = "https://files.pythonhosted.org/packages/fe/87/9f01fb8cf71f1b33a73023dbb0e73500dfc30f483973b24a1c9ac7aeccda/shapely-2.0.5-cp38-cp38-win32.whl", hash = "sha256:7e8cf5c252fac1ea51b3162be2ec3faddedc82c256a1160fc0e8ddbec81b06d2"},
]
